// !$*UTF8*$!
{
	archiveVersion = 1;
	classes = {
	};
	objectVersion = 51;
	objects = {

/* Begin PBXBuildFile section */
		1371C99E677DD039EB380E57 /* Pods_ExampleProject.framework in Frameworks */ = {isa = PBXBuildFile; fileRef = C0D7E395E64655E5014B108A /* Pods_ExampleProject.framework */; };
		9E2896E824D3399600F20BE3 /* NotificationService.swift in Sources */ = {isa = PBXBuildFile; fileRef = 9E2896E724D3399600F20BE3 /* NotificationService.swift */; };
		9E2896EC24D3399600F20BE3 /* Testing.appex in Embed App Extensions */ = {isa = PBXBuildFile; fileRef = 9E2896E524D3399600F20BE3 /* Testing.appex */; settings = {ATTRIBUTES = (RemoveHeadersOnCopy, ); }; };
		9E4A2ABC24C4E5F900972FB0 /* AppDelegate.swift in Sources */ = {isa = PBXBuildFile; fileRef = 9E4A2ABB24C4E5F900972FB0 /* AppDelegate.swift */; };
		9E4A2ABE24C4E5F900972FB0 /* SceneDelegate.swift in Sources */ = {isa = PBXBuildFile; fileRef = 9E4A2ABD24C4E5F900972FB0 /* SceneDelegate.swift */; };
		9E4A2AC024C4E5F900972FB0 /* ViewController.swift in Sources */ = {isa = PBXBuildFile; fileRef = 9E4A2ABF24C4E5F900972FB0 /* ViewController.swift */; };
		9E4A2AC324C4E5F900972FB0 /* Main.storyboard in Resources */ = {isa = PBXBuildFile; fileRef = 9E4A2AC124C4E5F900972FB0 /* Main.storyboard */; };
		9E4A2AC524C4E5FB00972FB0 /* Assets.xcassets in Resources */ = {isa = PBXBuildFile; fileRef = 9E4A2AC424C4E5FB00972FB0 /* Assets.xcassets */; };
		9E4A2AC824C4E5FB00972FB0 /* LaunchScreen.storyboard in Resources */ = {isa = PBXBuildFile; fileRef = 9E4A2AC624C4E5FB00972FB0 /* LaunchScreen.storyboard */; };
		9E4A2AD324C4E5FB00972FB0 /* ExampleProjectTests.swift in Sources */ = {isa = PBXBuildFile; fileRef = 9E4A2AD224C4E5FB00972FB0 /* ExampleProjectTests.swift */; };
		A11F1223C8709DC56470F16D /* Pods_ExampleProjectTests.framework in Frameworks */ = {isa = PBXBuildFile; fileRef = 3AEDF9DC63F26AFA7297D3D3 /* Pods_ExampleProjectTests.framework */; };
/* End PBXBuildFile section */

/* Begin PBXContainerItemProxy section */
		9E2896EA24D3399600F20BE3 /* PBXContainerItemProxy */ = {
			isa = PBXContainerItemProxy;
			containerPortal = 9E4A2AB024C4E5F900972FB0 /* Project object */;
			proxyType = 1;
			remoteGlobalIDString = 9E2896E424D3399600F20BE3;
			remoteInfo = Testing;
		};
		9E4A2ACF24C4E5FB00972FB0 /* PBXContainerItemProxy */ = {
			isa = PBXContainerItemProxy;
			containerPortal = 9E4A2AB024C4E5F900972FB0 /* Project object */;
			proxyType = 1;
			remoteGlobalIDString = 9E4A2AB724C4E5F900972FB0;
			remoteInfo = ExampleProject;
		};
/* End PBXContainerItemProxy section */

/* Begin PBXCopyFilesBuildPhase section */
		9E2896ED24D3399700F20BE3 /* Embed App Extensions */ = {
			isa = PBXCopyFilesBuildPhase;
			buildActionMask = 2147483647;
			dstPath = "";
			dstSubfolderSpec = 13;
			files = (
				9E2896EC24D3399600F20BE3 /* Testing.appex in Embed App Extensions */,
			);
			name = "Embed App Extensions";
			runOnlyForDeploymentPostprocessing = 0;
		};
/* End PBXCopyFilesBuildPhase section */

/* Begin PBXFileReference section */
		04FA66FDFDDC61DEFF9188AE /* Pods-ExampleProjectTests.release.xcconfig */ = {isa = PBXFileReference; includeInIndex = 1; lastKnownFileType = text.xcconfig; name = "Pods-ExampleProjectTests.release.xcconfig"; path = "Target Support Files/Pods-ExampleProjectTests/Pods-ExampleProjectTests.release.xcconfig"; sourceTree = "<group>"; };
		3AEDF9DC63F26AFA7297D3D3 /* Pods_ExampleProjectTests.framework */ = {isa = PBXFileReference; explicitFileType = wrapper.framework; includeInIndex = 0; path = Pods_ExampleProjectTests.framework; sourceTree = BUILT_PRODUCTS_DIR; };
		5B27AC06566195E8B980AC2C /* Pods-ExampleProject.debug.xcconfig */ = {isa = PBXFileReference; includeInIndex = 1; lastKnownFileType = text.xcconfig; name = "Pods-ExampleProject.debug.xcconfig"; path = "Target Support Files/Pods-ExampleProject/Pods-ExampleProject.debug.xcconfig"; sourceTree = "<group>"; };
		6C3DEFB11949ECAD210EE695 /* Pods-ExampleProject.release.xcconfig */ = {isa = PBXFileReference; includeInIndex = 1; lastKnownFileType = text.xcconfig; name = "Pods-ExampleProject.release.xcconfig"; path = "Target Support Files/Pods-ExampleProject/Pods-ExampleProject.release.xcconfig"; sourceTree = "<group>"; };
		8D53BB9A40A052B987D806D7 /* Pods-ExampleProjectTests.debug.xcconfig */ = {isa = PBXFileReference; includeInIndex = 1; lastKnownFileType = text.xcconfig; name = "Pods-ExampleProjectTests.debug.xcconfig"; path = "Target Support Files/Pods-ExampleProjectTests/Pods-ExampleProjectTests.debug.xcconfig"; sourceTree = "<group>"; };
		9E2896E524D3399600F20BE3 /* Testing.appex */ = {isa = PBXFileReference; explicitFileType = "wrapper.app-extension"; includeInIndex = 0; path = Testing.appex; sourceTree = BUILT_PRODUCTS_DIR; };
		9E2896E724D3399600F20BE3 /* NotificationService.swift */ = {isa = PBXFileReference; lastKnownFileType = sourcecode.swift; path = NotificationService.swift; sourceTree = "<group>"; };
		9E2896E924D3399600F20BE3 /* Info.plist */ = {isa = PBXFileReference; lastKnownFileType = text.plist.xml; path = Info.plist; sourceTree = "<group>"; };
		9E4A2AB824C4E5F900972FB0 /* ExampleProject.app */ = {isa = PBXFileReference; explicitFileType = wrapper.application; includeInIndex = 0; path = ExampleProject.app; sourceTree = BUILT_PRODUCTS_DIR; };
		9E4A2ABB24C4E5F900972FB0 /* AppDelegate.swift */ = {isa = PBXFileReference; lastKnownFileType = sourcecode.swift; path = AppDelegate.swift; sourceTree = "<group>"; };
		9E4A2ABD24C4E5F900972FB0 /* SceneDelegate.swift */ = {isa = PBXFileReference; lastKnownFileType = sourcecode.swift; path = SceneDelegate.swift; sourceTree = "<group>"; };
		9E4A2ABF24C4E5F900972FB0 /* ViewController.swift */ = {isa = PBXFileReference; lastKnownFileType = sourcecode.swift; path = ViewController.swift; sourceTree = "<group>"; };
		9E4A2AC224C4E5F900972FB0 /* Base */ = {isa = PBXFileReference; lastKnownFileType = file.storyboard; name = Base; path = Base.lproj/Main.storyboard; sourceTree = "<group>"; };
		9E4A2AC424C4E5FB00972FB0 /* Assets.xcassets */ = {isa = PBXFileReference; lastKnownFileType = folder.assetcatalog; path = Assets.xcassets; sourceTree = "<group>"; };
		9E4A2AC724C4E5FB00972FB0 /* Base */ = {isa = PBXFileReference; lastKnownFileType = file.storyboard; name = Base; path = Base.lproj/LaunchScreen.storyboard; sourceTree = "<group>"; };
		9E4A2AC924C4E5FB00972FB0 /* Info.plist */ = {isa = PBXFileReference; lastKnownFileType = text.plist.xml; path = Info.plist; sourceTree = "<group>"; };
		9E4A2ACE24C4E5FB00972FB0 /* ExampleProjectTests.xctest */ = {isa = PBXFileReference; explicitFileType = wrapper.cfbundle; includeInIndex = 0; path = ExampleProjectTests.xctest; sourceTree = BUILT_PRODUCTS_DIR; };
		9E4A2AD224C4E5FB00972FB0 /* ExampleProjectTests.swift */ = {isa = PBXFileReference; lastKnownFileType = sourcecode.swift; path = ExampleProjectTests.swift; sourceTree = "<group>"; };
		9E4A2AD424C4E5FB00972FB0 /* Info.plist */ = {isa = PBXFileReference; lastKnownFileType = text.plist.xml; path = Info.plist; sourceTree = "<group>"; };
		C0D7E395E64655E5014B108A /* Pods_ExampleProject.framework */ = {isa = PBXFileReference; explicitFileType = wrapper.framework; includeInIndex = 0; path = Pods_ExampleProject.framework; sourceTree = BUILT_PRODUCTS_DIR; };
/* End PBXFileReference section */

/* Begin PBXFrameworksBuildPhase section */
		9E2896E224D3399600F20BE3 /* Frameworks */ = {
			isa = PBXFrameworksBuildPhase;
			buildActionMask = 2147483647;
			files = (
			);
			runOnlyForDeploymentPostprocessing = 0;
		};
		9E4A2AB524C4E5F900972FB0 /* Frameworks */ = {
			isa = PBXFrameworksBuildPhase;
			buildActionMask = 2147483647;
			files = (
				1371C99E677DD039EB380E57 /* Pods_ExampleProject.framework in Frameworks */,
			);
			runOnlyForDeploymentPostprocessing = 0;
		};
		9E4A2ACB24C4E5FB00972FB0 /* Frameworks */ = {
			isa = PBXFrameworksBuildPhase;
			buildActionMask = 2147483647;
			files = (
				A11F1223C8709DC56470F16D /* Pods_ExampleProjectTests.framework in Frameworks */,
			);
			runOnlyForDeploymentPostprocessing = 0;
		};
/* End PBXFrameworksBuildPhase section */

/* Begin PBXGroup section */
		12D48BB6172E18A7223D9CA4 /* Frameworks */ = {
			isa = PBXGroup;
			children = (
				C0D7E395E64655E5014B108A /* Pods_ExampleProject.framework */,
				3AEDF9DC63F26AFA7297D3D3 /* Pods_ExampleProjectTests.framework */,
			);
			name = Frameworks;
			sourceTree = "<group>";
		};
		9E2896E624D3399600F20BE3 /* Testing */ = {
			isa = PBXGroup;
			children = (
				9E2896E724D3399600F20BE3 /* NotificationService.swift */,
				9E2896E924D3399600F20BE3 /* Info.plist */,
			);
			path = Testing;
			sourceTree = "<group>";
		};
		9E4A2AAF24C4E5F900972FB0 = {
			isa = PBXGroup;
			children = (
				9E4A2ABA24C4E5F900972FB0 /* ExampleProject */,
				9E4A2AD124C4E5FB00972FB0 /* ExampleProjectTests */,
				9E2896E624D3399600F20BE3 /* Testing */,
				9E4A2AB924C4E5F900972FB0 /* Products */,
				B670109CA96961D833756D98 /* Pods */,
				12D48BB6172E18A7223D9CA4 /* Frameworks */,
			);
			sourceTree = "<group>";
		};
		9E4A2AB924C4E5F900972FB0 /* Products */ = {
			isa = PBXGroup;
			children = (
				9E4A2AB824C4E5F900972FB0 /* ExampleProject.app */,
				9E4A2ACE24C4E5FB00972FB0 /* ExampleProjectTests.xctest */,
				9E2896E524D3399600F20BE3 /* Testing.appex */,
			);
			name = Products;
			sourceTree = "<group>";
		};
		9E4A2ABA24C4E5F900972FB0 /* ExampleProject */ = {
			isa = PBXGroup;
			children = (
				9E4A2ABB24C4E5F900972FB0 /* AppDelegate.swift */,
				9E4A2ABD24C4E5F900972FB0 /* SceneDelegate.swift */,
				9E4A2ABF24C4E5F900972FB0 /* ViewController.swift */,
				9E4A2AC124C4E5F900972FB0 /* Main.storyboard */,
				9E4A2AC424C4E5FB00972FB0 /* Assets.xcassets */,
				9E4A2AC624C4E5FB00972FB0 /* LaunchScreen.storyboard */,
				9E4A2AC924C4E5FB00972FB0 /* Info.plist */,
			);
			path = ExampleProject;
			sourceTree = "<group>";
		};
		9E4A2AD124C4E5FB00972FB0 /* ExampleProjectTests */ = {
			isa = PBXGroup;
			children = (
				9E4A2AD224C4E5FB00972FB0 /* ExampleProjectTests.swift */,
				9E4A2AD424C4E5FB00972FB0 /* Info.plist */,
			);
			path = ExampleProjectTests;
			sourceTree = "<group>";
		};
		B670109CA96961D833756D98 /* Pods */ = {
			isa = PBXGroup;
			children = (
				5B27AC06566195E8B980AC2C /* Pods-ExampleProject.debug.xcconfig */,
				6C3DEFB11949ECAD210EE695 /* Pods-ExampleProject.release.xcconfig */,
				8D53BB9A40A052B987D806D7 /* Pods-ExampleProjectTests.debug.xcconfig */,
				04FA66FDFDDC61DEFF9188AE /* Pods-ExampleProjectTests.release.xcconfig */,
			);
			path = Pods;
			sourceTree = "<group>";
		};
/* End PBXGroup section */

/* Begin PBXNativeTarget section */
		9E2896E424D3399600F20BE3 /* Testing */ = {
			isa = PBXNativeTarget;
			buildConfigurationList = 9E2896F024D3399700F20BE3 /* Build configuration list for PBXNativeTarget "Testing" */;
			buildPhases = (
				9E2896E124D3399600F20BE3 /* Sources */,
				9E2896E224D3399600F20BE3 /* Frameworks */,
				9E2896E324D3399600F20BE3 /* Resources */,
			);
			buildRules = (
			);
			dependencies = (
			);
			name = Testing;
			productName = Testing;
			productReference = 9E2896E524D3399600F20BE3 /* Testing.appex */;
			productType = "com.apple.product-type.app-extension";
		};
		9E4A2AB724C4E5F900972FB0 /* ExampleProject */ = {
			isa = PBXNativeTarget;
			buildConfigurationList = 9E4A2AD724C4E5FB00972FB0 /* Build configuration list for PBXNativeTarget "ExampleProject" */;
			buildPhases = (
				9418CE0895AFD48C6148AE3E /* [CP] Check Pods Manifest.lock */,
				9E4A2AB424C4E5F900972FB0 /* Sources */,
				9E4A2AB524C4E5F900972FB0 /* Frameworks */,
				9E4A2AB624C4E5F900972FB0 /* Resources */,
				E225A62320D6726731C775D2 /* [CP] Embed Pods Frameworks */,
				9E2896ED24D3399700F20BE3 /* Embed App Extensions */,
			);
			buildRules = (
			);
			dependencies = (
				9E2896EB24D3399600F20BE3 /* PBXTargetDependency */,
			);
			name = ExampleProject;
			productName = ExampleProject;
			productReference = 9E4A2AB824C4E5F900972FB0 /* ExampleProject.app */;
			productType = "com.apple.product-type.application";
		};
		9E4A2ACD24C4E5FB00972FB0 /* ExampleProjectTests */ = {
			isa = PBXNativeTarget;
			buildConfigurationList = 9E4A2ADA24C4E5FB00972FB0 /* Build configuration list for PBXNativeTarget "ExampleProjectTests" */;
			buildPhases = (
				18AE75DB2D2E211140D2E148 /* [CP] Check Pods Manifest.lock */,
				9E4A2ACA24C4E5FB00972FB0 /* Sources */,
				9E4A2ACB24C4E5FB00972FB0 /* Frameworks */,
				9E4A2ACC24C4E5FB00972FB0 /* Resources */,
			);
			buildRules = (
			);
			dependencies = (
				9E4A2AD024C4E5FB00972FB0 /* PBXTargetDependency */,
			);
			name = ExampleProjectTests;
			productName = ExampleProjectTests;
			productReference = 9E4A2ACE24C4E5FB00972FB0 /* ExampleProjectTests.xctest */;
			productType = "com.apple.product-type.bundle.unit-test";
		};
/* End PBXNativeTarget section */

/* Begin PBXProject section */
		9E4A2AB024C4E5F900972FB0 /* Project object */ = {
			isa = PBXProject;
			attributes = {
				LastSwiftUpdateCheck = 1130;
				LastUpgradeCheck = 1130;
				ORGANIZATIONNAME = "Ali Zain";
				TargetAttributes = {
					9E2896E424D3399600F20BE3 = {
						CreatedOnToolsVersion = 11.3.1;
					};
					9E4A2AB724C4E5F900972FB0 = {
						CreatedOnToolsVersion = 11.3.1;
					};
					9E4A2ACD24C4E5FB00972FB0 = {
						CreatedOnToolsVersion = 11.3.1;
						TestTargetID = 9E4A2AB724C4E5F900972FB0;
					};
				};
			};
			buildConfigurationList = 9E4A2AB324C4E5F900972FB0 /* Build configuration list for PBXProject "ExampleProject" */;
			compatibilityVersion = "Xcode 9.3";
			developmentRegion = en;
			hasScannedForEncodings = 0;
			knownRegions = (
				en,
				Base,
			);
			mainGroup = 9E4A2AAF24C4E5F900972FB0;
			productRefGroup = 9E4A2AB924C4E5F900972FB0 /* Products */;
			projectDirPath = "";
			projectRoot = "";
			targets = (
				9E4A2AB724C4E5F900972FB0 /* ExampleProject */,
				9E4A2ACD24C4E5FB00972FB0 /* ExampleProjectTests */,
				9E2896E424D3399600F20BE3 /* Testing */,
			);
		};
/* End PBXProject section */

/* Begin PBXResourcesBuildPhase section */
		9E2896E324D3399600F20BE3 /* Resources */ = {
			isa = PBXResourcesBuildPhase;
			buildActionMask = 2147483647;
			files = (
			);
			runOnlyForDeploymentPostprocessing = 0;
		};
		9E4A2AB624C4E5F900972FB0 /* Resources */ = {
			isa = PBXResourcesBuildPhase;
			buildActionMask = 2147483647;
			files = (
				9E4A2AC824C4E5FB00972FB0 /* LaunchScreen.storyboard in Resources */,
				9E4A2AC524C4E5FB00972FB0 /* Assets.xcassets in Resources */,
				9E4A2AC324C4E5F900972FB0 /* Main.storyboard in Resources */,
			);
			runOnlyForDeploymentPostprocessing = 0;
		};
		9E4A2ACC24C4E5FB00972FB0 /* Resources */ = {
			isa = PBXResourcesBuildPhase;
			buildActionMask = 2147483647;
			files = (
			);
			runOnlyForDeploymentPostprocessing = 0;
		};
/* End PBXResourcesBuildPhase section */

/* Begin PBXShellScriptBuildPhase section */
		18AE75DB2D2E211140D2E148 /* [CP] Check Pods Manifest.lock */ = {
			isa = PBXShellScriptBuildPhase;
			buildActionMask = 2147483647;
			files = (
			);
			inputFileListPaths = (
			);
			inputPaths = (
				"${PODS_PODFILE_DIR_PATH}/Podfile.lock",
				"${PODS_ROOT}/Manifest.lock",
			);
			name = "[CP] Check Pods Manifest.lock";
			outputFileListPaths = (
			);
			outputPaths = (
				"$(DERIVED_FILE_DIR)/Pods-ExampleProjectTests-checkManifestLockResult.txt",
			);
			runOnlyForDeploymentPostprocessing = 0;
			shellPath = /bin/sh;
			shellScript = "diff \"${PODS_PODFILE_DIR_PATH}/Podfile.lock\" \"${PODS_ROOT}/Manifest.lock\" > /dev/null\nif [ $? != 0 ] ; then\n    # print error to STDERR\n    echo \"error: The sandbox is not in sync with the Podfile.lock. Run 'pod install' or update your CocoaPods installation.\" >&2\n    exit 1\nfi\n# This output is used by Xcode 'outputs' to avoid re-running this script phase.\necho \"SUCCESS\" > \"${SCRIPT_OUTPUT_FILE_0}\"\n";
			showEnvVarsInLog = 0;
		};
		9418CE0895AFD48C6148AE3E /* [CP] Check Pods Manifest.lock */ = {
			isa = PBXShellScriptBuildPhase;
			buildActionMask = 2147483647;
			files = (
			);
			inputFileListPaths = (
			);
			inputPaths = (
				"${PODS_PODFILE_DIR_PATH}/Podfile.lock",
				"${PODS_ROOT}/Manifest.lock",
			);
			name = "[CP] Check Pods Manifest.lock";
			outputFileListPaths = (
			);
			outputPaths = (
				"$(DERIVED_FILE_DIR)/Pods-ExampleProject-checkManifestLockResult.txt",
			);
			runOnlyForDeploymentPostprocessing = 0;
			shellPath = /bin/sh;
			shellScript = "diff \"${PODS_PODFILE_DIR_PATH}/Podfile.lock\" \"${PODS_ROOT}/Manifest.lock\" > /dev/null\nif [ $? != 0 ] ; then\n    # print error to STDERR\n    echo \"error: The sandbox is not in sync with the Podfile.lock. Run 'pod install' or update your CocoaPods installation.\" >&2\n    exit 1\nfi\n# This output is used by Xcode 'outputs' to avoid re-running this script phase.\necho \"SUCCESS\" > \"${SCRIPT_OUTPUT_FILE_0}\"\n";
			showEnvVarsInLog = 0;
		};
		E225A62320D6726731C775D2 /* [CP] Embed Pods Frameworks */ = {
			isa = PBXShellScriptBuildPhase;
			buildActionMask = 2147483647;
			files = (
			);
			inputFileListPaths = (
				"${PODS_ROOT}/Target Support Files/Pods-ExampleProject/Pods-ExampleProject-frameworks-${CONFIGURATION}-input-files.xcfilelist",
			);
			name = "[CP] Embed Pods Frameworks";
			outputFileListPaths = (
				"${PODS_ROOT}/Target Support Files/Pods-ExampleProject/Pods-ExampleProject-frameworks-${CONFIGURATION}-output-files.xcfilelist",
			);
			runOnlyForDeploymentPostprocessing = 0;
			shellPath = /bin/sh;
			shellScript = "\"${PODS_ROOT}/Target Support Files/Pods-ExampleProject/Pods-ExampleProject-frameworks.sh\"\n";
			showEnvVarsInLog = 0;
		};
/* End PBXShellScriptBuildPhase section */

/* Begin PBXSourcesBuildPhase section */
		9E2896E124D3399600F20BE3 /* Sources */ = {
			isa = PBXSourcesBuildPhase;
			buildActionMask = 2147483647;
			files = (
				9E2896E824D3399600F20BE3 /* NotificationService.swift in Sources */,
			);
			runOnlyForDeploymentPostprocessing = 0;
		};
		9E4A2AB424C4E5F900972FB0 /* Sources */ = {
			isa = PBXSourcesBuildPhase;
			buildActionMask = 2147483647;
			files = (
				9E4A2AC024C4E5F900972FB0 /* ViewController.swift in Sources */,
				9E4A2ABC24C4E5F900972FB0 /* AppDelegate.swift in Sources */,
				9E4A2ABE24C4E5F900972FB0 /* SceneDelegate.swift in Sources */,
			);
			runOnlyForDeploymentPostprocessing = 0;
		};
		9E4A2ACA24C4E5FB00972FB0 /* Sources */ = {
			isa = PBXSourcesBuildPhase;
			buildActionMask = 2147483647;
			files = (
				9E4A2AD324C4E5FB00972FB0 /* ExampleProjectTests.swift in Sources */,
			);
			runOnlyForDeploymentPostprocessing = 0;
		};
/* End PBXSourcesBuildPhase section */

/* Begin PBXTargetDependency section */
		9E2896EB24D3399600F20BE3 /* PBXTargetDependency */ = {
			isa = PBXTargetDependency;
			target = 9E2896E424D3399600F20BE3 /* Testing */;
			targetProxy = 9E2896EA24D3399600F20BE3 /* PBXContainerItemProxy */;
		};
		9E4A2AD024C4E5FB00972FB0 /* PBXTargetDependency */ = {
			isa = PBXTargetDependency;
			target = 9E4A2AB724C4E5F900972FB0 /* ExampleProject */;
			targetProxy = 9E4A2ACF24C4E5FB00972FB0 /* PBXContainerItemProxy */;
		};
/* End PBXTargetDependency section */

/* Begin PBXVariantGroup section */
		9E4A2AC124C4E5F900972FB0 /* Main.storyboard */ = {
			isa = PBXVariantGroup;
			children = (
				9E4A2AC224C4E5F900972FB0 /* Base */,
			);
			name = Main.storyboard;
			sourceTree = "<group>";
		};
		9E4A2AC624C4E5FB00972FB0 /* LaunchScreen.storyboard */ = {
			isa = PBXVariantGroup;
			children = (
				9E4A2AC724C4E5FB00972FB0 /* Base */,
			);
			name = LaunchScreen.storyboard;
			sourceTree = "<group>";
		};
/* End PBXVariantGroup section */

/* Begin XCBuildConfiguration section */
		9E2896EE24D3399700F20BE3 /* Debug */ = {
			isa = XCBuildConfiguration;
			buildSettings = {
				CODE_SIGN_STYLE = Automatic;
				INFOPLIST_FILE = Testing/Info.plist;
				LD_RUNPATH_SEARCH_PATHS = (
					"$(inherited)",
					"@executable_path/Frameworks",
					"@executable_path/../../Frameworks",
				);
				PRODUCT_BUNDLE_IDENTIFIER = co.exampleproject.extensionlite.ExampleProject.Testing;
				PRODUCT_NAME = "$(TARGET_NAME)";
				SKIP_INSTALL = YES;
				SWIFT_VERSION = 5.0;
				TARGETED_DEVICE_FAMILY = "1,2";
			};
			name = Debug;
		};
		9E2896EF24D3399700F20BE3 /* Release */ = {
			isa = XCBuildConfiguration;
			buildSettings = {
				CODE_SIGN_STYLE = Automatic;
				INFOPLIST_FILE = Testing/Info.plist;
				LD_RUNPATH_SEARCH_PATHS = (
					"$(inherited)",
					"@executable_path/Frameworks",
					"@executable_path/../../Frameworks",
				);
				PRODUCT_BUNDLE_IDENTIFIER = co.exampleproject.extensionlite.ExampleProject.Testing;
				PRODUCT_NAME = "$(TARGET_NAME)";
				SKIP_INSTALL = YES;
				SWIFT_VERSION = 5.0;
				TARGETED_DEVICE_FAMILY = "1,2";
			};
			name = Release;
		};
		9E4A2AD524C4E5FB00972FB0 /* Debug */ = {
			isa = XCBuildConfiguration;
			buildSettings = {
				ALWAYS_SEARCH_USER_PATHS = NO;
				CLANG_ANALYZER_NONNULL = YES;
				CLANG_ANALYZER_NUMBER_OBJECT_CONVERSION = YES_AGGRESSIVE;
				CLANG_CXX_LANGUAGE_STANDARD = "gnu++14";
				CLANG_CXX_LIBRARY = "libc++";
				CLANG_ENABLE_MODULES = YES;
				CLANG_ENABLE_OBJC_ARC = YES;
				CLANG_ENABLE_OBJC_WEAK = YES;
				CLANG_WARN_BLOCK_CAPTURE_AUTORELEASING = YES;
				CLANG_WARN_BOOL_CONVERSION = YES;
				CLANG_WARN_COMMA = YES;
				CLANG_WARN_CONSTANT_CONVERSION = YES;
				CLANG_WARN_DEPRECATED_OBJC_IMPLEMENTATIONS = YES;
				CLANG_WARN_DIRECT_OBJC_ISA_USAGE = YES_ERROR;
				CLANG_WARN_DOCUMENTATION_COMMENTS = YES;
				CLANG_WARN_EMPTY_BODY = YES;
				CLANG_WARN_ENUM_CONVERSION = YES;
				CLANG_WARN_INFINITE_RECURSION = YES;
				CLANG_WARN_INT_CONVERSION = YES;
				CLANG_WARN_NON_LITERAL_NULL_CONVERSION = YES;
				CLANG_WARN_OBJC_IMPLICIT_RETAIN_SELF = YES;
				CLANG_WARN_OBJC_LITERAL_CONVERSION = YES;
				CLANG_WARN_OBJC_ROOT_CLASS = YES_ERROR;
				CLANG_WARN_RANGE_LOOP_ANALYSIS = YES;
				CLANG_WARN_STRICT_PROTOTYPES = YES;
				CLANG_WARN_SUSPICIOUS_MOVE = YES;
				CLANG_WARN_UNGUARDED_AVAILABILITY = YES_AGGRESSIVE;
				CLANG_WARN_UNREACHABLE_CODE = YES;
				CLANG_WARN__DUPLICATE_METHOD_MATCH = YES;
				COPY_PHASE_STRIP = NO;
				DEBUG_INFORMATION_FORMAT = dwarf;
				ENABLE_STRICT_OBJC_MSGSEND = YES;
				ENABLE_TESTABILITY = YES;
				GCC_C_LANGUAGE_STANDARD = gnu11;
				GCC_DYNAMIC_NO_PIC = NO;
				GCC_NO_COMMON_BLOCKS = YES;
				GCC_OPTIMIZATION_LEVEL = 0;
				GCC_PREPROCESSOR_DEFINITIONS = (
					"DEBUG=1",
					"$(inherited)",
				);
				GCC_WARN_64_TO_32_BIT_CONVERSION = YES;
				GCC_WARN_ABOUT_RETURN_TYPE = YES_ERROR;
				GCC_WARN_UNDECLARED_SELECTOR = YES;
				GCC_WARN_UNINITIALIZED_AUTOS = YES_AGGRESSIVE;
				GCC_WARN_UNUSED_FUNCTION = YES;
				GCC_WARN_UNUSED_VARIABLE = YES;
				IPHONEOS_DEPLOYMENT_TARGET = 13.2;
				MTL_ENABLE_DEBUG_INFO = INCLUDE_SOURCE;
				MTL_FAST_MATH = YES;
				ONLY_ACTIVE_ARCH = YES;
				SDKROOT = iphoneos;
				SWIFT_ACTIVE_COMPILATION_CONDITIONS = DEBUG;
				SWIFT_OPTIMIZATION_LEVEL = "-Onone";
			};
			name = Debug;
		};
		9E4A2AD624C4E5FB00972FB0 /* Release */ = {
			isa = XCBuildConfiguration;
			buildSettings = {
				ALWAYS_SEARCH_USER_PATHS = NO;
				CLANG_ANALYZER_NONNULL = YES;
				CLANG_ANALYZER_NUMBER_OBJECT_CONVERSION = YES_AGGRESSIVE;
				CLANG_CXX_LANGUAGE_STANDARD = "gnu++14";
				CLANG_CXX_LIBRARY = "libc++";
				CLANG_ENABLE_MODULES = YES;
				CLANG_ENABLE_OBJC_ARC = YES;
				CLANG_ENABLE_OBJC_WEAK = YES;
				CLANG_WARN_BLOCK_CAPTURE_AUTORELEASING = YES;
				CLANG_WARN_BOOL_CONVERSION = YES;
				CLANG_WARN_COMMA = YES;
				CLANG_WARN_CONSTANT_CONVERSION = YES;
				CLANG_WARN_DEPRECATED_OBJC_IMPLEMENTATIONS = YES;
				CLANG_WARN_DIRECT_OBJC_ISA_USAGE = YES_ERROR;
				CLANG_WARN_DOCUMENTATION_COMMENTS = YES;
				CLANG_WARN_EMPTY_BODY = YES;
				CLANG_WARN_ENUM_CONVERSION = YES;
				CLANG_WARN_INFINITE_RECURSION = YES;
				CLANG_WARN_INT_CONVERSION = YES;
				CLANG_WARN_NON_LITERAL_NULL_CONVERSION = YES;
				CLANG_WARN_OBJC_IMPLICIT_RETAIN_SELF = YES;
				CLANG_WARN_OBJC_LITERAL_CONVERSION = YES;
				CLANG_WARN_OBJC_ROOT_CLASS = YES_ERROR;
				CLANG_WARN_RANGE_LOOP_ANALYSIS = YES;
				CLANG_WARN_STRICT_PROTOTYPES = YES;
				CLANG_WARN_SUSPICIOUS_MOVE = YES;
				CLANG_WARN_UNGUARDED_AVAILABILITY = YES_AGGRESSIVE;
				CLANG_WARN_UNREACHABLE_CODE = YES;
				CLANG_WARN__DUPLICATE_METHOD_MATCH = YES;
				COPY_PHASE_STRIP = NO;
				DEBUG_INFORMATION_FORMAT = "dwarf-with-dsym";
				ENABLE_NS_ASSERTIONS = NO;
				ENABLE_STRICT_OBJC_MSGSEND = YES;
				GCC_C_LANGUAGE_STANDARD = gnu11;
				GCC_NO_COMMON_BLOCKS = YES;
				GCC_WARN_64_TO_32_BIT_CONVERSION = YES;
				GCC_WARN_ABOUT_RETURN_TYPE = YES_ERROR;
				GCC_WARN_UNDECLARED_SELECTOR = YES;
				GCC_WARN_UNINITIALIZED_AUTOS = YES_AGGRESSIVE;
				GCC_WARN_UNUSED_FUNCTION = YES;
				GCC_WARN_UNUSED_VARIABLE = YES;
				IPHONEOS_DEPLOYMENT_TARGET = 13.2;
				MTL_ENABLE_DEBUG_INFO = NO;
				MTL_FAST_MATH = YES;
				SDKROOT = iphoneos;
				SWIFT_COMPILATION_MODE = wholemodule;
				SWIFT_OPTIMIZATION_LEVEL = "-O";
				VALIDATE_PRODUCT = YES;
			};
			name = Release;
		};
		9E4A2AD824C4E5FB00972FB0 /* Debug */ = {
			isa = XCBuildConfiguration;
			baseConfigurationReference = 5B27AC06566195E8B980AC2C /* Pods-ExampleProject.debug.xcconfig */;
			buildSettings = {
				ALWAYS_EMBED_SWIFT_STANDARD_LIBRARIES = YES;
				ASSETCATALOG_COMPILER_APPICON_NAME = AppIcon;
				CODE_SIGN_STYLE = Automatic;
				INFOPLIST_FILE = ExampleProject/Info.plist;
				LD_RUNPATH_SEARCH_PATHS = (
					"$(inherited)",
					"@executable_path/Frameworks",
				);
				PRODUCT_BUNDLE_IDENTIFIER = co.exampleproject.extensionlite.ExampleProject;
				PRODUCT_NAME = "$(TARGET_NAME)";
				SWIFT_VERSION = 5.0;
				TARGETED_DEVICE_FAMILY = "1,2";
			};
			name = Debug;
		};
		9E4A2AD924C4E5FB00972FB0 /* Release */ = {
			isa = XCBuildConfiguration;
			baseConfigurationReference = 6C3DEFB11949ECAD210EE695 /* Pods-ExampleProject.release.xcconfig */;
			buildSettings = {
				ALWAYS_EMBED_SWIFT_STANDARD_LIBRARIES = YES;
				ASSETCATALOG_COMPILER_APPICON_NAME = AppIcon;
				CODE_SIGN_STYLE = Automatic;
				INFOPLIST_FILE = ExampleProject/Info.plist;
				LD_RUNPATH_SEARCH_PATHS = (
					"$(inherited)",
					"@executable_path/Frameworks",
				);
				PRODUCT_BUNDLE_IDENTIFIER = co.exampleproject.extensionlite.ExampleProject;
				PRODUCT_NAME = "$(TARGET_NAME)";
				SWIFT_VERSION = 5.0;
				TARGETED_DEVICE_FAMILY = "1,2";
			};
			name = Release;
		};
		9E4A2ADB24C4E5FB00972FB0 /* Debug */ = {
			isa = XCBuildConfiguration;
			baseConfigurationReference = 8D53BB9A40A052B987D806D7 /* Pods-ExampleProjectTests.debug.xcconfig */;
			buildSettings = {
				ALWAYS_EMBED_SWIFT_STANDARD_LIBRARIES = YES;
				BUNDLE_LOADER = "$(TEST_HOST)";
				CODE_SIGN_STYLE = Automatic;
				INFOPLIST_FILE = ExampleProjectTests/Info.plist;
				IPHONEOS_DEPLOYMENT_TARGET = 13.2;
				LD_RUNPATH_SEARCH_PATHS = (
					"$(inherited)",
					"@executable_path/Frameworks",
					"@loader_path/Frameworks",
				);
				PRODUCT_BUNDLE_IDENTIFIER = co.exampleproject.extensionlite.ExampleProjectTests;
				PRODUCT_NAME = "$(TARGET_NAME)";
				SWIFT_VERSION = 5.0;
				TARGETED_DEVICE_FAMILY = "1,2";
				TEST_HOST = "$(BUILT_PRODUCTS_DIR)/ExampleProject.app/ExampleProject";
			};
			name = Debug;
		};
		9E4A2ADC24C4E5FB00972FB0 /* Release */ = {
			isa = XCBuildConfiguration;
			baseConfigurationReference = 04FA66FDFDDC61DEFF9188AE /* Pods-ExampleProjectTests.release.xcconfig */;
			buildSettings = {
				ALWAYS_EMBED_SWIFT_STANDARD_LIBRARIES = YES;
				BUNDLE_LOADER = "$(TEST_HOST)";
				CODE_SIGN_STYLE = Automatic;
				INFOPLIST_FILE = ExampleProjectTests/Info.plist;
				IPHONEOS_DEPLOYMENT_TARGET = 13.2;
				LD_RUNPATH_SEARCH_PATHS = (
					"$(inherited)",
					"@executable_path/Frameworks",
					"@loader_path/Frameworks",
				);
				PRODUCT_BUNDLE_IDENTIFIER = co.exampleproject.extensionlite.ExampleProjectTests;
				PRODUCT_NAME = "$(TARGET_NAME)";
				SWIFT_VERSION = 5.0;
				TARGETED_DEVICE_FAMILY = "1,2";
				TEST_HOST = "$(BUILT_PRODUCTS_DIR)/ExampleProject.app/ExampleProject";
			};
			name = Release;
		};
/* End XCBuildConfiguration section */

/* Begin XCConfigurationList section */
		9E2896F024D3399700F20BE3 /* Build configuration list for PBXNativeTarget "Testing" */ = {
			isa = XCConfigurationList;
			buildConfigurations = (
				9E2896EE24D3399700F20BE3 /* Debug */,
				9E2896EF24D3399700F20BE3 /* Release */,
			);
			defaultConfigurationIsVisible = 0;
			defaultConfigurationName = Release;
		};
		9E4A2AB324C4E5F900972FB0 /* Build configuration list for PBXProject "ExampleProject" */ = {
			isa = XCConfigurationList;
			buildConfigurations = (
				9E4A2AD524C4E5FB00972FB0 /* Debug */,
				9E4A2AD624C4E5FB00972FB0 /* Release */,
			);
			defaultConfigurationIsVisible = 0;
			defaultConfigurationName = Release;
		};
		9E4A2AD724C4E5FB00972FB0 /* Build configuration list for PBXNativeTarget "ExampleProject" */ = {
			isa = XCConfigurationList;
			buildConfigurations = (
				9E4A2AD824C4E5FB00972FB0 /* Debug */,
				9E4A2AD924C4E5FB00972FB0 /* Release */,
			);
			defaultConfigurationIsVisible = 0;
			defaultConfigurationName = Release;
		};
		9E4A2ADA24C4E5FB00972FB0 /* Build configuration list for PBXNativeTarget "ExampleProjectTests" */ = {
			isa = XCConfigurationList;
			buildConfigurations = (
				9E4A2ADB24C4E5FB00972FB0 /* Debug */,
				9E4A2ADC24C4E5FB00972FB0 /* Release */,
			);
			defaultConfigurationIsVisible = 0;
			defaultConfigurationName = Release;
		};
/* End XCConfigurationList section */
	};
	rootObject = 9E4A2AB024C4E5F900972FB0 /* Project object */;
}
